{
  "version": 4,
  "terraform_version": "0.12.16",
  "serial": 5,
  "lineage": "2dde1e21-2b96-e5d8-15fa-42db1c4d499c",
  "outputs": {},
  "resources": [
    {
      "mode": "managed",
      "type": "google_container_cluster",
      "name": "primary",
      "provider": "provider.google",
      "instances": [
        {
          "schema_version": 1,
          "attributes": {
            "additional_zones": [
              "europe-west4-a",
              "europe-west4-b",
              "europe-west4-c"
            ],
            "addons_config": [
              {
                "horizontal_pod_autoscaling": [],
                "http_load_balancing": [],
                "kubernetes_dashboard": [
                  {
                    "disabled": true
                  }
                ],
                "network_policy_config": [
                  {
                    "disabled": false
                  }
                ]
              }
            ],
            "cluster_autoscaling": [],
            "cluster_ipv4_cidr": "10.20.0.0/14",
            "default_max_pods_per_node": 110,
            "description": "",
            "enable_binary_authorization": null,
            "enable_intranode_visibility": null,
            "enable_kubernetes_alpha": false,
            "enable_legacy_abac": false,
            "enable_tpu": null,
            "endpoint": "35.204.248.255",
            "id": "joost-cbcore",
            "initial_node_count": 1,
            "instance_group_urls": [],
            "ip_allocation_policy": [],
            "location": "europe-west4",
            "logging_service": "logging.googleapis.com/kubernetes",
            "maintenance_policy": [],
            "master_auth": [
              {
                "client_certificate": "",
                "client_certificate_config": [
                  {
                    "issue_client_certificate": false
                  }
                ],
                "client_key": "",
                "cluster_ca_certificate": "LS0tLS1CRUdJTiBDRVJUSUZJQ0FURS0tLS0tCk1JSURDekNDQWZPZ0F3SUJBZ0lRSStCTW01SmIzTHlEeEhBNHNyMjNYVEFOQmdrcWhraUc5dzBCQVFzRkFEQXYKTVMwd0t3WURWUVFERXlSbE1UVTRZekkxWVMwNE9XSmhMVFEzT0RrdFltVTRZaTFqTXpnNE5HSXpPRE01WkdRdwpIaGNOTVRreE1USTFNRGt5T0RRMldoY05NalF4TVRJek1UQXlPRFEyV2pBdk1TMHdLd1lEVlFRREV5UmxNVFU0Cll6STFZUzA0T1dKaExUUTNPRGt0WW1VNFlpMWpNemc0TkdJek9ETTVaR1F3Z2dFaU1BMEdDU3FHU0liM0RRRUIKQVFVQUE0SUJEd0F3Z2dFS0FvSUJBUUNuSklMUjFTUlVkYjN1YkJkbmUxek5vRUs3dU1QUlFrZkQ2VjE4WVpRVgp4TzR2VzVLVlMwZTVXS1VHdUlOc01xdDI2L2RtdEFRSjhHSG1lSnRpajFON0Z6bGIwT0VBYU9Calo4azhST25JCmNtd1YyQjlKU2lucmZsazFMODFndGR3aXVzeTQwR2JkMXdCQ0hWZDdFZDNDT0lTRldpYisvT3VZK0s2OC9sYzYKRldaSFovN2tGQTBIQmIydnZJdGNHaGl3K1BtcVNZRjZTdVRnQUtLMm42R1JMZlpraGJEZHlQRmJJdVZ0cmlnSwo1aWc0T2Q4YTl1OVRTeStTUDN1TXVZV2JjS0ZkTU51b21KN1NoY0NScE9OQUJYWXlQL1R6eWR4ZlNnanAxcHhJCmRCTW9wcjRsWk5pN09aSU40WDVLamJFc1BwblpibkNEOFVTVlpqL2cwMERmQWdNQkFBR2pJekFoTUE0R0ExVWQKRHdFQi93UUVBd0lDQkRBUEJnTlZIUk1CQWY4RUJUQURBUUgvTUEwR0NTcUdTSWIzRFFFQkN3VUFBNElCQVFBVApBZStaenpCTFltM3JoTUJ4cEtaTVN5MDNOZEJ1MmZjcXB3T1FEZWRGMG9kRFBNbXVrK24zR1F6eDYvRC9UVVRJCk1PVkdZUHFDVTVDNG5VT1pDdGd3dHpsUXQxUVpuV1dHQUg2Sy9SaUY0YUkzV3RQL204Wk1rZ3FyL21BTEtwY2wKZVlKZk1jNjQ1RmtzSFBJWjMzUXZrajc5cWFUbUhFSlpLNXU0TzlHN0JPOGpiQlNINHJjV3VvMjNoTWF1Rmw3MApOWWRLZGVRWEFqZjZVYW0waEpWa0Q5Q29Cc0h1aElVdXRsU0xjNW42cUNMaXJobU1xblp0VkYyUEd0MkhBU1NDCmpQUkFkYTBxWmRLM3oyVllhdkdlUkVGQzdwblRIUk91SHk5d0tQOStEY2dXRjFRc1ZUM2krdjlPOEdPRmtpbWUKZll1eG5zZDEvMEk3WHR4b0ZObC8KLS0tLS1FTkQgQ0VSVElGSUNBVEUtLS0tLQo=",
                "password": "",
                "username": ""
              }
            ],
            "master_authorized_networks_config": [],
            "master_version": "1.14.8-gke.17",
            "min_master_version": "1.14.8-gke.17",
            "monitoring_service": "monitoring.googleapis.com/kubernetes",
            "name": "joost-cbcore",
            "network": "projects/ps-dev-201405/global/networks/default",
            "network_policy": [
              {
                "enabled": true,
                "provider": "CALICO"
              }
            ],
            "node_config": [],
            "node_locations": [
              "europe-west4-a",
              "europe-west4-b",
              "europe-west4-c"
            ],
            "node_pool": [],
            "node_version": "1.14.8-gke.17",
            "pod_security_policy_config": [],
            "private_cluster_config": [],
            "project": "ps-dev-201405",
            "region": "europe-west4",
            "remove_default_node_pool": true,
            "resource_labels": {
              "created-by": "terraform",
              "environment": "development",
              "owner": "joostvdg"
            },
            "services_ipv4_cidr": "10.23.240.0/20",
            "subnetwork": "projects/ps-dev-201405/regions/europe-west4/subnetworks/default",
            "timeouts": null,
            "zone": null
          },
          "private": "eyJlMmJmYjczMC1lY2FhLTExZTYtOGY4OC0zNDM2M2JjN2M0YzAiOnsiY3JlYXRlIjoxODAwMDAwMDAwMDAwLCJkZWxldGUiOjE4MDAwMDAwMDAwMDAsInVwZGF0ZSI6MzYwMDAwMDAwMDAwMH0sInNjaGVtYV92ZXJzaW9uIjoiMSJ9"
        }
      ]
    },
    {
      "mode": "managed",
      "type": "google_container_node_pool",
      "name": "nodepool1",
      "provider": "provider.google",
      "instances": [
        {
          "schema_version": 1,
          "attributes": {
            "autoscaling": [
              {
                "max_node_count": 4,
                "min_node_count": 1
              }
            ],
            "cluster": "joost-cbcore",
            "id": "europe-west4/joost-cbcore/pool1",
            "initial_node_count": 1,
            "instance_group_urls": [
              "https://www.googleapis.com/compute/v1/projects/ps-dev-201405/zones/europe-west4-c/instanceGroupManagers/gke-joost-cbcore-pool1-fd73f587-grp",
              "https://www.googleapis.com/compute/v1/projects/ps-dev-201405/zones/europe-west4-a/instanceGroupManagers/gke-joost-cbcore-pool1-d82a72c0-grp",
              "https://www.googleapis.com/compute/v1/projects/ps-dev-201405/zones/europe-west4-b/instanceGroupManagers/gke-joost-cbcore-pool1-fcb50f18-grp"
            ],
            "location": "europe-west4",
            "management": [
              {
                "auto_repair": true,
                "auto_upgrade": true
              }
            ],
            "max_pods_per_node": null,
            "name": "pool1",
            "name_prefix": "",
            "node_config": [
              {
                "disk_size_gb": 100,
                "disk_type": "pd-standard",
                "guest_accelerator": [],
                "image_type": "COS",
                "labels": {},
                "local_ssd_count": 0,
                "machine_type": "n1-standard-2",
                "metadata": {
                  "disable-legacy-endpoints": "true"
                },
                "min_cpu_platform": "",
                "oauth_scopes": [
                  "https://www.googleapis.com/auth/cloud-platform",
                  "https://www.googleapis.com/auth/compute",
                  "https://www.googleapis.com/auth/devstorage.read_only",
                  "https://www.googleapis.com/auth/logging.write",
                  "https://www.googleapis.com/auth/monitoring",
                  "https://www.googleapis.com/auth/ndev.clouddns.readwrite"
                ],
                "preemptible": false,
                "sandbox_config": [],
                "service_account": "default",
                "shielded_instance_config": [
                  {
                    "enable_integrity_monitoring": true,
                    "enable_secure_boot": false
                  }
                ],
                "tags": null,
                "taint": [],
                "workload_metadata_config": []
              }
            ],
            "node_count": 1,
            "project": "ps-dev-201405",
            "region": "europe-west4",
            "timeouts": null,
            "version": "1.14.8-gke.17",
            "zone": null
          },
          "private": "eyJlMmJmYjczMC1lY2FhLTExZTYtOGY4OC0zNDM2M2JjN2M0YzAiOnsiY3JlYXRlIjoxODAwMDAwMDAwMDAwLCJkZWxldGUiOjYwMDAwMDAwMDAwMCwidXBkYXRlIjo2MDAwMDAwMDAwMDB9LCJzY2hlbWFfdmVyc2lvbiI6IjEifQ==",
          "dependencies": [
            "google_container_cluster.primary"
          ]
        }
      ]
    },
    {
      "mode": "managed",
      "type": "google_container_node_pool",
      "name": "nodepool2",
      "provider": "provider.google",
      "instances": [
        {
          "schema_version": 1,
          "attributes": {
            "autoscaling": [
              {
                "max_node_count": 3,
                "min_node_count": 1
              }
            ],
            "cluster": "joost-cbcore",
            "id": "europe-west4/joost-cbcore/pool2",
            "initial_node_count": 0,
            "instance_group_urls": [
              "https://www.googleapis.com/compute/v1/projects/ps-dev-201405/zones/europe-west4-c/instanceGroupManagers/gke-joost-cbcore-pool2-45ff77c4-grp",
              "https://www.googleapis.com/compute/v1/projects/ps-dev-201405/zones/europe-west4-a/instanceGroupManagers/gke-joost-cbcore-pool2-09963179-grp",
              "https://www.googleapis.com/compute/v1/projects/ps-dev-201405/zones/europe-west4-b/instanceGroupManagers/gke-joost-cbcore-pool2-09bf140f-grp"
            ],
            "location": "europe-west4",
            "management": [
              {
                "auto_repair": false,
                "auto_upgrade": false
              }
            ],
            "max_pods_per_node": null,
            "name": "pool2",
            "name_prefix": "",
            "node_config": [
              {
                "disk_size_gb": 100,
                "disk_type": "pd-standard",
                "guest_accelerator": [],
                "image_type": "COS",
                "labels": {},
                "local_ssd_count": 0,
                "machine_type": "n2-standard-2",
                "metadata": {
                  "disable-legacy-endpoints": "true"
                },
                "min_cpu_platform": "",
                "oauth_scopes": [
                  "https://www.googleapis.com/auth/cloud-platform",
                  "https://www.googleapis.com/auth/compute",
                  "https://www.googleapis.com/auth/devstorage.read_only",
                  "https://www.googleapis.com/auth/logging.write",
                  "https://www.googleapis.com/auth/monitoring",
                  "https://www.googleapis.com/auth/ndev.clouddns.readwrite"
                ],
                "preemptible": false,
                "sandbox_config": [],
                "service_account": "default",
                "shielded_instance_config": [
                  {
                    "enable_integrity_monitoring": true,
                    "enable_secure_boot": false
                  }
                ],
                "tags": null,
                "taint": [],
                "workload_metadata_config": []
              }
            ],
            "node_count": 0,
            "project": "ps-dev-201405",
            "region": "europe-west4",
            "timeouts": null,
            "version": "1.14.8-gke.17",
            "zone": null
          },
          "private": "eyJlMmJmYjczMC1lY2FhLTExZTYtOGY4OC0zNDM2M2JjN2M0YzAiOnsiY3JlYXRlIjoxODAwMDAwMDAwMDAwLCJkZWxldGUiOjYwMDAwMDAwMDAwMCwidXBkYXRlIjo2MDAwMDAwMDAwMDB9LCJzY2hlbWFfdmVyc2lvbiI6IjEifQ==",
          "dependencies": [
            "google_container_cluster.primary"
          ]
        }
      ]
    }
  ]
}
