dependencies:
- name: nginx-ingress
  repository: https://kubernetes-charts.storage.googleapis.com/
  version: 1.30.1
- name: cert-manager
  repository: https://charts.jetstack.io
  version: v0.13.0
- name: external-dns
  repository: https://kubernetes-charts.storage.googleapis.com/
  version: 2.13.1
- name: nfs-server-provisioner
  repository: https://kubernetes-charts.storage.googleapis.com/
  version: 1.0.0
digest: sha256:1b157bcc033d1ba9628ec0de8a4d6c7c54d9301c134997fbb33bb8f1792d4299
generated: "2020-02-18T14:52:00.672878-08:00"
