dependencies:
- name: opendj4
  repository: https://raw.githubusercontent.com/joostvdg/helm-repo/master/
  version: 0.3.1
- name: keycloak
  repository: https://codecentric.github.io/helm-charts
  version: 6.2.0
- name: postgresql
  repository: https://kubernetes-charts.storage.googleapis.com
  version: 8.3.3
- name: cloudbees-core
  repository: https://charts.cloudbees.com/public/cloudbees
  version: 3.12.0+80c17a044bc4
digest: sha256:b26ff2991d595ab8bd75089e103aab2dc87e31bd50da5e24a3f9ff9e5ee3d250
generated: "2020-03-29T16:37:54.257921+02:00"
